
Microsoft Visual Studio Solution File, Format Version 12.00
# Visual Studio 15
VisualStudioVersion = 15.0.28010.2026
MinimumVisualStudioVersion = 10.0.40219.1
Project("{FAE04EC0-301F-11D3-BF4B-00C04F79EFBC}") = "CoreWebFuntions", "CoreWebFuntions\CoreWebFuntions.csproj", "{39514C4D-4C39-4196-9FA9-3B5AAACD0297}"
EndProject
Project("{9A19103F-16F7-4668-BE54-9A1E7A4F7556}") = "HelpersForCore", "..\Helpers\HelpersForCore\HelpersForCore.csproj", "{5581C96B-863C-4DF2-AD62-80A5431D407E}"
EndProject
Global
	GlobalSection(SolutionConfigurationPlatforms) = preSolution
		Debug|Any CPU = Debug|Any CPU
		Release|Any CPU = Release|Any CPU
	EndGlobalSection
	GlobalSection(ProjectConfigurationPlatforms) = postSolution
		{39514C4D-4C39-4196-9FA9-3B5AAACD0297}.Debug|Any CPU.ActiveCfg = Debug|Any CPU
		{39514C4D-4C39-4196-9FA9-3B5AAACD0297}.Debug|Any CPU.Build.0 = Debug|Any CPU
		{39514C4D-4C39-4196-9FA9-3B5AAACD0297}.Release|Any CPU.ActiveCfg = Release|Any CPU
		{39514C4D-4C39-4196-9FA9-3B5AAACD0297}.Release|Any CPU.Build.0 = Release|Any CPU
		{5581C96B-863C-4DF2-AD62-80A5431D407E}.Debug|Any CPU.ActiveCfg = Debug|Any CPU
		{5581C96B-863C-4DF2-AD62-80A5431D407E}.Debug|Any CPU.Build.0 = Debug|Any CPU
		{5581C96B-863C-4DF2-AD62-80A5431D407E}.Release|Any CPU.ActiveCfg = Release|Any CPU
		{5581C96B-863C-4DF2-AD62-80A5431D407E}.Release|Any CPU.Build.0 = Release|Any CPU
	EndGlobalSection
	GlobalSection(SolutionProperties) = preSolution
		HideSolutionNode = FALSE
	EndGlobalSection
	GlobalSection(ExtensibilityGlobals) = postSolution
		SolutionGuid = {370184A0-B13D-4A6F-AB01-8FEAC2BD83A6}
	EndGlobalSection
EndGlobal
